{
  "version": "5",
  "specifiers": {
    "npm:@cantoo/pdf-lib@2": "2.11.0_html-entities@2.6.0"
  },
  "npm": {
    "@cantoo/pdf-lib@2.11.0_html-entities@2.6.0": {
      "integrity": "sha512-C5bUEG8F8nRqiZ00+ytp90QqNSMo1O1WEKVirh6J491H7D9+BBOs+SS0haFlJrb74gu7r2KD56FKDKOOgoy5jw==",
      "dependencies": [
        "culori",
        "fflate",
        "html-entities",
        "node-html-better-parser",
        "tslib"
      ]
    },
    "culori@4.0.2": {
      "integrity": "sha512-1+BhOB8ahCn4O0cep0Sh2l9KCOfOdY+BXJnKMHFFzDEouSr/el18QwXEMRlOj9UY5nCeA8UN3a/82rUWRBeyBw=="
    },
    "fflate@0.8.3": {
      "integrity": "sha512-tbZNuJrLwGUp3zshBtdy4W+ORxZuIh8a5ilyIEQDC5rY1f3U20JMry0Ll3WBzU58EZKsEuJFXhb5gwv8CsPvgA=="
    },
    "html-entities@2.6.0": {
      "integrity": "sha512-kig+rMn/QOVRvr7c86gQ8lWXq+Hkv6CbAH1hLu+RG338StTpE8Z0b44SDVaqVu7HGKf27frdmUYEs9hTUX/cLQ=="
    },
    "node-html-better-parser@1.5.9": {
      "integrity": "sha512-z1I5UINMezJXYL9cH3h0a9KBth2G978gSLlfkpQ+CQzzVHVQy9gpARgm9eDsz1O4gn1HtgUqjdAIYxKFZm6uHQ==",
      "dependencies": [
        "html-entities"
      ]
    },
    "tslib@2.8.1": {
      "integrity": "sha512-oJFu94HQb+KVduSUQL7wnpmqnfmLsOA/nAh6b6EH0wCEoK0/mPeXU6c3wKDV83MkOuHPRHtSXKKU99IBazS/2w=="
    }
  },
  "redirects": {
    "https://esm.sh/@supabase/supabase-js@2": "https://esm.sh/@supabase/supabase-js@2.116.0"
  },
  "remote": {
    "https://esm.sh/@supabase/supabase-js@2.116.0": "a38014743786a06c7dbf095a99e9ef3b38c0ec16bff076fc7cd403991192b34e"
  },
  "workspace": {
    "dependencies": [
      "npm:@cantoo/pdf-lib@2"
    ]
  }
}
